
Microsoft Visual Studio Solution File, Format Version 12.00
# Visual Studio Version 16
VisualStudioVersion = 16.0.31911.196
MinimumVisualStudioVersion = 10.0.40219.1
Project("{FAE04EC0-301F-11D3-BF4B-00C04F79EFBC}") = "Threading", "Threading\Threading.csproj", "{BBE6FF4A-9BDA-4FB4-9D0B-157D5FE8824A}"
EndProject
Global
	GlobalSection(SolutionConfigurationPlatforms) = preSolution
		Debug|Any CPU = Debug|Any CPU
		Release|Any CPU = Release|Any CPU
	EndGlobalSection
	GlobalSection(ProjectConfigurationPlatforms) = postSolution
		{BBE6FF4A-9BDA-4FB4-9D0B-157D5FE8824A}.Debug|Any CPU.ActiveCfg = Debug|Any CPU
		{BBE6FF4A-9BDA-4FB4-9D0B-157D5FE8824A}.Debug|Any CPU.Build.0 = Debug|Any CPU
		{BBE6FF4A-9BDA-4FB4-9D0B-157D5FE8824A}.Release|Any CPU.ActiveCfg = Release|Any CPU
		{BBE6FF4A-9BDA-4FB4-9D0B-157D5FE8824A}.Release|Any CPU.Build.0 = Release|Any CPU
	EndGlobalSection
	GlobalSection(SolutionProperties) = preSolution
		HideSolutionNode = FALSE
	EndGlobalSection
	GlobalSection(ExtensibilityGlobals) = postSolution
		SolutionGuid = {FCDFAA10-4441-4002-BF2F-737BEE263A7E}
	EndGlobalSection
EndGlobal
